
Microsoft Visual Studio Solution File, Format Version 12.00
# Visual Studio Version 17
VisualStudioVersion = 17.4.33122.133
MinimumVisualStudioVersion = 10.0.40219.1
Project("{9A19103F-16F7-4668-BE54-9A1E7A4F7556}") = "ExchangeBot", "ExchangeBot\ExchangeBot.csproj", "{D07BE8CF-EB8F-4A51-8426-519717B84DC0}"
EndProject
Project("{E53339B2-1760-4266-BCC7-CA923CBCF16C}") = "docker-compose", "docker-compose.dcproj", "{DA45EB43-AB86-426F-B95E-4C5A79C094AA}"
EndProject
Global
	GlobalSection(SolutionConfigurationPlatforms) = preSolution
		Debug|Any CPU = Debug|Any CPU
		Release|Any CPU = Release|Any CPU
	EndGlobalSection
	GlobalSection(ProjectConfigurationPlatforms) = postSolution
		{D07BE8CF-EB8F-4A51-8426-519717B84DC0}.Debug|Any CPU.ActiveCfg = Debug|Any CPU
		{D07BE8CF-EB8F-4A51-8426-519717B84DC0}.Debug|Any CPU.Build.0 = Debug|Any CPU
		{D07BE8CF-EB8F-4A51-8426-519717B84DC0}.Release|Any CPU.ActiveCfg = Release|Any CPU
		{D07BE8CF-EB8F-4A51-8426-519717B84DC0}.Release|Any CPU.Build.0 = Release|Any CPU
		{DA45EB43-AB86-426F-B95E-4C5A79C094AA}.Debug|Any CPU.ActiveCfg = Debug|Any CPU
		{DA45EB43-AB86-426F-B95E-4C5A79C094AA}.Debug|Any CPU.Build.0 = Debug|Any CPU
		{DA45EB43-AB86-426F-B95E-4C5A79C094AA}.Release|Any CPU.ActiveCfg = Release|Any CPU
		{DA45EB43-AB86-426F-B95E-4C5A79C094AA}.Release|Any CPU.Build.0 = Release|Any CPU
	EndGlobalSection
	GlobalSection(SolutionProperties) = preSolution
		HideSolutionNode = FALSE
	EndGlobalSection
	GlobalSection(ExtensibilityGlobals) = postSolution
		SolutionGuid = {49F988B5-7291-4219-A53C-DEF773B38426}
	EndGlobalSection
EndGlobal
